
Microsoft Visual Studio Solution File, Format Version 12.00
# Visual Studio Version 16
VisualStudioVersion = 16.0.29609.76
MinimumVisualStudioVersion = 10.0.40219.1
Project("{9092AA53-FB77-4645-B42D-1CCCA6BD08BD}") = "Yobot", "Yobot\Yobot.njsproj", "{C86FC6D4-5553-4A0C-9194-F7C53A9C8EF0}"
EndProject
Global
	GlobalSection(SolutionConfigurationPlatforms) = preSolution
		Debug|Any CPU = Debug|Any CPU
		Release|Any CPU = Release|Any CPU
	EndGlobalSection
	GlobalSection(ProjectConfigurationPlatforms) = postSolution
		{C86FC6D4-5553-4A0C-9194-F7C53A9C8EF0}.Debug|Any CPU.ActiveCfg = Debug|Any CPU
		{C86FC6D4-5553-4A0C-9194-F7C53A9C8EF0}.Debug|Any CPU.Build.0 = Debug|Any CPU
		{C86FC6D4-5553-4A0C-9194-F7C53A9C8EF0}.Release|Any CPU.ActiveCfg = Release|Any CPU
		{C86FC6D4-5553-4A0C-9194-F7C53A9C8EF0}.Release|Any CPU.Build.0 = Release|Any CPU
	EndGlobalSection
	GlobalSection(SolutionProperties) = preSolution
		HideSolutionNode = FALSE
	EndGlobalSection
	GlobalSection(ExtensibilityGlobals) = postSolution
		SolutionGuid = {C479E2BD-3FF4-44DE-BE94-F6321CB02E58}
	EndGlobalSection
EndGlobal
